// !$*UTF8*$!
{
	archiveVersion = 1;
	classes = {
	};
	objectVersion = 50;
	objects = {

/* Begin PBXBuildFile section */
		53A8CED323ED6F8300828F5C /* CallAPI.swift in Sources */ = {isa = PBXBuildFile; fileRef = 53A8CED223ED6F8300828F5C /* CallAPI.swift */; };
		53A8CED723ED7AD600828F5C /* CocktailCell.swift in Sources */ = {isa = PBXBuildFile; fileRef = 53A8CED523ED7AD600828F5C /* CocktailCell.swift */; };
		53A8CED823ED7AD600828F5C /* CocktailCell.xib in Resources */ = {isa = PBXBuildFile; fileRef = 53A8CED623ED7AD600828F5C /* CocktailCell.xib */; };
		53AC753923E92AE300869027 /* AppDelegate.swift in Sources */ = {isa = PBXBuildFile; fileRef = 53AC753823E92AE300869027 /* AppDelegate.swift */; };
		53AC753B23E92AE300869027 /* SceneDelegate.swift in Sources */ = {isa = PBXBuildFile; fileRef = 53AC753A23E92AE300869027 /* SceneDelegate.swift */; };
		53AC753D23E92AE300869027 /* ViewController.swift in Sources */ = {isa = PBXBuildFile; fileRef = 53AC753C23E92AE300869027 /* ViewController.swift */; };
		53AC754023E92AE300869027 /* Main.storyboard in Resources */ = {isa = PBXBuildFile; fileRef = 53AC753E23E92AE300869027 /* Main.storyboard */; };
		53AC754223E92AE500869027 /* Assets.xcassets in Resources */ = {isa = PBXBuildFile; fileRef = 53AC754123E92AE500869027 /* Assets.xcassets */; };
		53AC754523E92AE500869027 /* LaunchScreen.storyboard in Resources */ = {isa = PBXBuildFile; fileRef = 53AC754323E92AE500869027 /* LaunchScreen.storyboard */; };
		53AC754D23E9796100869027 /* CocktaildbVC.swift in Sources */ = {isa = PBXBuildFile; fileRef = 53AC754C23E9796100869027 /* CocktaildbVC.swift */; };
		53AC755023E979DC00869027 /* BaseCocktaildbModel.swift in Sources */ = {isa = PBXBuildFile; fileRef = 53AC754F23E979DC00869027 /* BaseCocktaildbModel.swift */; };
		53AC755323E97B7300869027 /* BaseNetwork.swift in Sources */ = {isa = PBXBuildFile; fileRef = 53AC755223E97B7300869027 /* BaseNetwork.swift */; };
/* End PBXBuildFile section */

/* Begin PBXFileReference section */
		53A8CED223ED6F8300828F5C /* CallAPI.swift */ = {isa = PBXFileReference; lastKnownFileType = sourcecode.swift; path = CallAPI.swift; sourceTree = "<group>"; };
		53A8CED523ED7AD600828F5C /* CocktailCell.swift */ = {isa = PBXFileReference; lastKnownFileType = sourcecode.swift; path = CocktailCell.swift; sourceTree = "<group>"; };
		53A8CED623ED7AD600828F5C /* CocktailCell.xib */ = {isa = PBXFileReference; lastKnownFileType = file.xib; path = CocktailCell.xib; sourceTree = "<group>"; };
		53AC753523E92AE300869027 /* TestFilter.app */ = {isa = PBXFileReference; explicitFileType = wrapper.application; includeInIndex = 0; path = TestFilter.app; sourceTree = BUILT_PRODUCTS_DIR; };
		53AC753823E92AE300869027 /* AppDelegate.swift */ = {isa = PBXFileReference; lastKnownFileType = sourcecode.swift; path = AppDelegate.swift; sourceTree = "<group>"; };
		53AC753A23E92AE300869027 /* SceneDelegate.swift */ = {isa = PBXFileReference; lastKnownFileType = sourcecode.swift; path = SceneDelegate.swift; sourceTree = "<group>"; };
		53AC753C23E92AE300869027 /* ViewController.swift */ = {isa = PBXFileReference; lastKnownFileType = sourcecode.swift; path = ViewController.swift; sourceTree = "<group>"; };
		53AC753F23E92AE300869027 /* Base */ = {isa = PBXFileReference; lastKnownFileType = file.storyboard; name = Base; path = Base.lproj/Main.storyboard; sourceTree = "<group>"; };
		53AC754123E92AE500869027 /* Assets.xcassets */ = {isa = PBXFileReference; lastKnownFileType = folder.assetcatalog; path = Assets.xcassets; sourceTree = "<group>"; };
		53AC754423E92AE500869027 /* Base */ = {isa = PBXFileReference; lastKnownFileType = file.storyboard; name = Base; path = Base.lproj/LaunchScreen.storyboard; sourceTree = "<group>"; };
		53AC754623E92AE500869027 /* Info.plist */ = {isa = PBXFileReference; lastKnownFileType = text.plist.xml; path = Info.plist; sourceTree = "<group>"; };
		53AC754C23E9796100869027 /* CocktaildbVC.swift */ = {isa = PBXFileReference; lastKnownFileType = sourcecode.swift; path = CocktaildbVC.swift; sourceTree = "<group>"; };
		53AC754F23E979DC00869027 /* BaseCocktaildbModel.swift */ = {isa = PBXFileReference; lastKnownFileType = sourcecode.swift; path = BaseCocktaildbModel.swift; sourceTree = "<group>"; };
		53AC755223E97B7300869027 /* BaseNetwork.swift */ = {isa = PBXFileReference; lastKnownFileType = sourcecode.swift; path = BaseNetwork.swift; sourceTree = "<group>"; };
/* End PBXFileReference section */

/* Begin PBXFrameworksBuildPhase section */
		53AC753223E92AE300869027 /* Frameworks */ = {
			isa = PBXFrameworksBuildPhase;
			buildActionMask = 2147483647;
			files = (
			);
			runOnlyForDeploymentPostprocessing = 0;
		};
/* End PBXFrameworksBuildPhase section */

/* Begin PBXGroup section */
		53A8CED423ED7AC000828F5C /* View */ = {
			isa = PBXGroup;
			children = (
				53A8CED523ED7AD600828F5C /* CocktailCell.swift */,
				53A8CED623ED7AD600828F5C /* CocktailCell.xib */,
			);
			path = View;
			sourceTree = "<group>";
		};
		53AC752C23E92AE300869027 = {
			isa = PBXGroup;
			children = (
				53AC753723E92AE300869027 /* TestFilter */,
				53AC753623E92AE300869027 /* Products */,
			);
			sourceTree = "<group>";
		};
		53AC753623E92AE300869027 /* Products */ = {
			isa = PBXGroup;
			children = (
				53AC753523E92AE300869027 /* TestFilter.app */,
			);
			name = Products;
			sourceTree = "<group>";
		};
		53AC753723E92AE300869027 /* TestFilter */ = {
			isa = PBXGroup;
			children = (
				53A8CED423ED7AC000828F5C /* View */,
				53AC755123E97B5900869027 /* BaseRouter */,
				53AC754E23E979B400869027 /* Model */,
				53AC753823E92AE300869027 /* AppDelegate.swift */,
				53AC753A23E92AE300869027 /* SceneDelegate.swift */,
				53AC753C23E92AE300869027 /* ViewController.swift */,
				53AC754C23E9796100869027 /* CocktaildbVC.swift */,
				53AC753E23E92AE300869027 /* Main.storyboard */,
				53AC754123E92AE500869027 /* Assets.xcassets */,
				53AC754323E92AE500869027 /* LaunchScreen.storyboard */,
				53AC754623E92AE500869027 /* Info.plist */,
			);
			path = TestFilter;
			sourceTree = "<group>";
		};
		53AC754E23E979B400869027 /* Model */ = {
			isa = PBXGroup;
			children = (
				53AC754F23E979DC00869027 /* BaseCocktaildbModel.swift */,
			);
			path = Model;
			sourceTree = "<group>";
		};
		53AC755123E97B5900869027 /* BaseRouter */ = {
			isa = PBXGroup;
			children = (
				53AC755223E97B7300869027 /* BaseNetwork.swift */,
				53A8CED223ED6F8300828F5C /* CallAPI.swift */,
			);
			path = BaseRouter;
			sourceTree = "<group>";
		};
/* End PBXGroup section */

/* Begin PBXNativeTarget section */
		53AC753423E92AE300869027 /* TestFilter */ = {
			isa = PBXNativeTarget;
			buildConfigurationList = 53AC754923E92AE500869027 /* Build configuration list for PBXNativeTarget "TestFilter" */;
			buildPhases = (
				53AC753123E92AE300869027 /* Sources */,
				53AC753223E92AE300869027 /* Frameworks */,
				53AC753323E92AE300869027 /* Resources */,
			);
			buildRules = (
			);
			dependencies = (
			);
			name = TestFilter;
			productName = TestFilter;
			productReference = 53AC753523E92AE300869027 /* TestFilter.app */;
			productType = "com.apple.product-type.application";
		};
/* End PBXNativeTarget section */

/* Begin PBXProject section */
		53AC752D23E92AE300869027 /* Project object */ = {
			isa = PBXProject;
			attributes = {
				LastSwiftUpdateCheck = 1110;
				LastUpgradeCheck = 1110;
				ORGANIZATIONNAME = "Ngô Bảo Châu";
				TargetAttributes = {
					53AC753423E92AE300869027 = {
						CreatedOnToolsVersion = 11.1;
					};
				};
			};
			buildConfigurationList = 53AC753023E92AE300869027 /* Build configuration list for PBXProject "TestFilter" */;
			compatibilityVersion = "Xcode 9.3";
			developmentRegion = en;
			hasScannedForEncodings = 0;
			knownRegions = (
				en,
				Base,
			);
			mainGroup = 53AC752C23E92AE300869027;
			productRefGroup = 53AC753623E92AE300869027 /* Products */;
			projectDirPath = "";
			projectRoot = "";
			targets = (
				53AC753423E92AE300869027 /* TestFilter */,
			);
		};
/* End PBXProject section */

/* Begin PBXResourcesBuildPhase section */
		53AC753323E92AE300869027 /* Resources */ = {
			isa = PBXResourcesBuildPhase;
			buildActionMask = 2147483647;
			files = (
				53AC754523E92AE500869027 /* LaunchScreen.storyboard in Resources */,
				53AC754223E92AE500869027 /* Assets.xcassets in Resources */,
				53AC754023E92AE300869027 /* Main.storyboard in Resources */,
				53A8CED823ED7AD600828F5C /* CocktailCell.xib in Resources */,
			);
			runOnlyForDeploymentPostprocessing = 0;
		};
/* End PBXResourcesBuildPhase section */

/* Begin PBXSourcesBuildPhase section */
		53AC753123E92AE300869027 /* Sources */ = {
			isa = PBXSourcesBuildPhase;
			buildActionMask = 2147483647;
			files = (
				53AC753D23E92AE300869027 /* ViewController.swift in Sources */,
				53AC753923E92AE300869027 /* AppDelegate.swift in Sources */,
				53A8CED323ED6F8300828F5C /* CallAPI.swift in Sources */,
				53AC754D23E9796100869027 /* CocktaildbVC.swift in Sources */,
				53AC755323E97B7300869027 /* BaseNetwork.swift in Sources */,
				53AC753B23E92AE300869027 /* SceneDelegate.swift in Sources */,
				53AC755023E979DC00869027 /* BaseCocktaildbModel.swift in Sources */,
				53A8CED723ED7AD600828F5C /* CocktailCell.swift in Sources */,
			);
			runOnlyForDeploymentPostprocessing = 0;
		};
/* End PBXSourcesBuildPhase section */

/* Begin PBXVariantGroup section */
		53AC753E23E92AE300869027 /* Main.storyboard */ = {
			isa = PBXVariantGroup;
			children = (
				53AC753F23E92AE300869027 /* Base */,
			);
			name = Main.storyboard;
			sourceTree = "<group>";
		};
		53AC754323E92AE500869027 /* LaunchScreen.storyboard */ = {
			isa = PBXVariantGroup;
			children = (
				53AC754423E92AE500869027 /* Base */,
			);
			name = LaunchScreen.storyboard;
			sourceTree = "<group>";
		};
/* End PBXVariantGroup section */

/* Begin XCBuildConfiguration section */
		53AC754723E92AE500869027 /* Debug */ = {
			isa = XCBuildConfiguration;
			buildSettings = {
				ALWAYS_SEARCH_USER_PATHS = NO;
				CLANG_ANALYZER_NONNULL = YES;
				CLANG_ANALYZER_NUMBER_OBJECT_CONVERSION = YES_AGGRESSIVE;
				CLANG_CXX_LANGUAGE_STANDARD = "gnu++14";
				CLANG_CXX_LIBRARY = "libc++";
				CLANG_ENABLE_MODULES = YES;
				CLANG_ENABLE_OBJC_ARC = YES;
				CLANG_ENABLE_OBJC_WEAK = YES;
				CLANG_WARN_BLOCK_CAPTURE_AUTORELEASING = YES;
				CLANG_WARN_BOOL_CONVERSION = YES;
				CLANG_WARN_COMMA = YES;
				CLANG_WARN_CONSTANT_CONVERSION = YES;
				CLANG_WARN_DEPRECATED_OBJC_IMPLEMENTATIONS = YES;
				CLANG_WARN_DIRECT_OBJC_ISA_USAGE = YES_ERROR;
				CLANG_WARN_DOCUMENTATION_COMMENTS = YES;
				CLANG_WARN_EMPTY_BODY = YES;
				CLANG_WARN_ENUM_CONVERSION = YES;
				CLANG_WARN_INFINITE_RECURSION = YES;
				CLANG_WARN_INT_CONVERSION = YES;
				CLANG_WARN_NON_LITERAL_NULL_CONVERSION = YES;
				CLANG_WARN_OBJC_IMPLICIT_RETAIN_SELF = YES;
				CLANG_WARN_OBJC_LITERAL_CONVERSION = YES;
				CLANG_WARN_OBJC_ROOT_CLASS = YES_ERROR;
				CLANG_WARN_RANGE_LOOP_ANALYSIS = YES;
				CLANG_WARN_STRICT_PROTOTYPES = YES;
				CLANG_WARN_SUSPICIOUS_MOVE = YES;
				CLANG_WARN_UNGUARDED_AVAILABILITY = YES_AGGRESSIVE;
				CLANG_WARN_UNREACHABLE_CODE = YES;
				CLANG_WARN__DUPLICATE_METHOD_MATCH = YES;
				COPY_PHASE_STRIP = NO;
				DEBUG_INFORMATION_FORMAT = dwarf;
				ENABLE_STRICT_OBJC_MSGSEND = YES;
				ENABLE_TESTABILITY = YES;
				GCC_C_LANGUAGE_STANDARD = gnu11;
				GCC_DYNAMIC_NO_PIC = NO;
				GCC_NO_COMMON_BLOCKS = YES;
				GCC_OPTIMIZATION_LEVEL = 0;
				GCC_PREPROCESSOR_DEFINITIONS = (
					"DEBUG=1",
					"$(inherited)",
				);
				GCC_WARN_64_TO_32_BIT_CONVERSION = YES;
				GCC_WARN_ABOUT_RETURN_TYPE = YES_ERROR;
				GCC_WARN_UNDECLARED_SELECTOR = YES;
				GCC_WARN_UNINITIALIZED_AUTOS = YES_AGGRESSIVE;
				GCC_WARN_UNUSED_FUNCTION = YES;
				GCC_WARN_UNUSED_VARIABLE = YES;
				IPHONEOS_DEPLOYMENT_TARGET = 13.1;
				MTL_ENABLE_DEBUG_INFO = INCLUDE_SOURCE;
				MTL_FAST_MATH = YES;
				ONLY_ACTIVE_ARCH = YES;
				SDKROOT = iphoneos;
				SWIFT_ACTIVE_COMPILATION_CONDITIONS = DEBUG;
				SWIFT_OPTIMIZATION_LEVEL = "-Onone";
			};
			name = Debug;
		};
		53AC754823E92AE500869027 /* Release */ = {
			isa = XCBuildConfiguration;
			buildSettings = {
				ALWAYS_SEARCH_USER_PATHS = NO;
				CLANG_ANALYZER_NONNULL = YES;
				CLANG_ANALYZER_NUMBER_OBJECT_CONVERSION = YES_AGGRESSIVE;
				CLANG_CXX_LANGUAGE_STANDARD = "gnu++14";
				CLANG_CXX_LIBRARY = "libc++";
				CLANG_ENABLE_MODULES = YES;
				CLANG_ENABLE_OBJC_ARC = YES;
				CLANG_ENABLE_OBJC_WEAK = YES;
				CLANG_WARN_BLOCK_CAPTURE_AUTORELEASING = YES;
				CLANG_WARN_BOOL_CONVERSION = YES;
				CLANG_WARN_COMMA = YES;
				CLANG_WARN_CONSTANT_CONVERSION = YES;
				CLANG_WARN_DEPRECATED_OBJC_IMPLEMENTATIONS = YES;
				CLANG_WARN_DIRECT_OBJC_ISA_USAGE = YES_ERROR;
				CLANG_WARN_DOCUMENTATION_COMMENTS = YES;
				CLANG_WARN_EMPTY_BODY = YES;
				CLANG_WARN_ENUM_CONVERSION = YES;
				CLANG_WARN_INFINITE_RECURSION = YES;
				CLANG_WARN_INT_CONVERSION = YES;
				CLANG_WARN_NON_LITERAL_NULL_CONVERSION = YES;
				CLANG_WARN_OBJC_IMPLICIT_RETAIN_SELF = YES;
				CLANG_WARN_OBJC_LITERAL_CONVERSION = YES;
				CLANG_WARN_OBJC_ROOT_CLASS = YES_ERROR;
				CLANG_WARN_RANGE_LOOP_ANALYSIS = YES;
				CLANG_WARN_STRICT_PROTOTYPES = YES;
				CLANG_WARN_SUSPICIOUS_MOVE = YES;
				CLANG_WARN_UNGUARDED_AVAILABILITY = YES_AGGRESSIVE;
				CLANG_WARN_UNREACHABLE_CODE = YES;
				CLANG_WARN__DUPLICATE_METHOD_MATCH = YES;
				COPY_PHASE_STRIP = NO;
				DEBUG_INFORMATION_FORMAT = "dwarf-with-dsym";
				ENABLE_NS_ASSERTIONS = NO;
				ENABLE_STRICT_OBJC_MSGSEND = YES;
				GCC_C_LANGUAGE_STANDARD = gnu11;
				GCC_NO_COMMON_BLOCKS = YES;
				GCC_WARN_64_TO_32_BIT_CONVERSION = YES;
				GCC_WARN_ABOUT_RETURN_TYPE = YES_ERROR;
				GCC_WARN_UNDECLARED_SELECTOR = YES;
				GCC_WARN_UNINITIALIZED_AUTOS = YES_AGGRESSIVE;
				GCC_WARN_UNUSED_FUNCTION = YES;
				GCC_WARN_UNUSED_VARIABLE = YES;
				IPHONEOS_DEPLOYMENT_TARGET = 13.1;
				MTL_ENABLE_DEBUG_INFO = NO;
				MTL_FAST_MATH = YES;
				SDKROOT = iphoneos;
				SWIFT_COMPILATION_MODE = wholemodule;
				SWIFT_OPTIMIZATION_LEVEL = "-O";
				VALIDATE_PRODUCT = YES;
			};
			name = Release;
		};
		53AC754A23E92AE500869027 /* Debug */ = {
			isa = XCBuildConfiguration;
			buildSettings = {
				ASSETCATALOG_COMPILER_APPICON_NAME = AppIcon;
				CODE_SIGN_STYLE = Automatic;
				INFOPLIST_FILE = TestFilter/Info.plist;
				LD_RUNPATH_SEARCH_PATHS = (
					"$(inherited)",
					"@executable_path/Frameworks",
				);
				PRODUCT_BUNDLE_IDENTIFIER = CuongDD.TestFilter;
				PRODUCT_NAME = "$(TARGET_NAME)";
				SWIFT_VERSION = 5.0;
				TARGETED_DEVICE_FAMILY = "1,2";
			};
			name = Debug;
		};
		53AC754B23E92AE500869027 /* Release */ = {
			isa = XCBuildConfiguration;
			buildSettings = {
				ASSETCATALOG_COMPILER_APPICON_NAME = AppIcon;
				CODE_SIGN_STYLE = Automatic;
				INFOPLIST_FILE = TestFilter/Info.plist;
				LD_RUNPATH_SEARCH_PATHS = (
					"$(inherited)",
					"@executable_path/Frameworks",
				);
				PRODUCT_BUNDLE_IDENTIFIER = CuongDD.TestFilter;
				PRODUCT_NAME = "$(TARGET_NAME)";
				SWIFT_VERSION = 5.0;
				TARGETED_DEVICE_FAMILY = "1,2";
			};
			name = Release;
		};
/* End XCBuildConfiguration section */

/* Begin XCConfigurationList section */
		53AC753023E92AE300869027 /* Build configuration list for PBXProject "TestFilter" */ = {
			isa = XCConfigurationList;
			buildConfigurations = (
				53AC754723E92AE500869027 /* Debug */,
				53AC754823E92AE500869027 /* Release */,
			);
			defaultConfigurationIsVisible = 0;
			defaultConfigurationName = Release;
		};
		53AC754923E92AE500869027 /* Build configuration list for PBXNativeTarget "TestFilter" */ = {
			isa = XCConfigurationList;
			buildConfigurations = (
				53AC754A23E92AE500869027 /* Debug */,
				53AC754B23E92AE500869027 /* Release */,
			);
			defaultConfigurationIsVisible = 0;
			defaultConfigurationName = Release;
		};
/* End XCConfigurationList section */
	};
	rootObject = 53AC752D23E92AE300869027 /* Project object */;
}
